
Microsoft Visual Studio Solution File, Format Version 12.00
# Visual Studio Version 17
VisualStudioVersion = 17.8.34511.84
MinimumVisualStudioVersion = 10.0.40219.1
Project("{FAE04EC0-301F-11D3-BF4B-00C04F79EFBC}") = "WebBanHoa", "WebBanHoa\WebBanHoa.csproj", "{CF90929F-F493-444E-9C09-B1AF90A0256B}"
EndProject
Global
	GlobalSection(SolutionConfigurationPlatforms) = preSolution
		Debug|Any CPU = Debug|Any CPU
		Release|Any CPU = Release|Any CPU
	EndGlobalSection
	GlobalSection(ProjectConfigurationPlatforms) = postSolution
		{CF90929F-F493-444E-9C09-B1AF90A0256B}.Debug|Any CPU.ActiveCfg = Debug|Any CPU
		{CF90929F-F493-444E-9C09-B1AF90A0256B}.Debug|Any CPU.Build.0 = Debug|Any CPU
		{CF90929F-F493-444E-9C09-B1AF90A0256B}.Release|Any CPU.ActiveCfg = Release|Any CPU
		{CF90929F-F493-444E-9C09-B1AF90A0256B}.Release|Any CPU.Build.0 = Release|Any CPU
	EndGlobalSection
	GlobalSection(SolutionProperties) = preSolution
		HideSolutionNode = FALSE
	EndGlobalSection
	GlobalSection(ExtensibilityGlobals) = postSolution
		SolutionGuid = {BEDB6E31-320A-43C6-B5AE-7E595FCC3316}
	EndGlobalSection
EndGlobal
